
Microsoft Visual Studio Solution File, Format Version 12.00
# Visual Studio Version 17
VisualStudioVersion = 17.10.35122.118
MinimumVisualStudioVersion = 10.0.40219.1
Project("{FAE04EC0-301F-11D3-BF4B-00C04F79EFBC}") = "RedisCacheBlobReaderDemo", "RedisCacheBlobReaderDemo\RedisCacheBlobReaderDemo.csproj", "{C453570F-8AD7-4254-9690-6945CF7CB875}"
EndProject
Global
	GlobalSection(SolutionConfigurationPlatforms) = preSolution
		Debug|Any CPU = Debug|Any CPU
		Release|Any CPU = Release|Any CPU
	EndGlobalSection
	GlobalSection(ProjectConfigurationPlatforms) = postSolution
		{C453570F-8AD7-4254-9690-6945CF7CB875}.Debug|Any CPU.ActiveCfg = Debug|Any CPU
		{C453570F-8AD7-4254-9690-6945CF7CB875}.Debug|Any CPU.Build.0 = Debug|Any CPU
		{C453570F-8AD7-4254-9690-6945CF7CB875}.Release|Any CPU.ActiveCfg = Release|Any CPU
		{C453570F-8AD7-4254-9690-6945CF7CB875}.Release|Any CPU.Build.0 = Release|Any CPU
	EndGlobalSection
	GlobalSection(SolutionProperties) = preSolution
		HideSolutionNode = FALSE
	EndGlobalSection
	GlobalSection(ExtensibilityGlobals) = postSolution
		SolutionGuid = {807FED7B-5482-43C4-BD64-C207FCCF5297}
	EndGlobalSection
EndGlobal
